{
  "originHash" : "02a2f18f15214d813f2b7e528dcf33246b9757d5bb13a2937617d7ae3ca64f30",
  "pins" : [
    {
      "identity" : "errorupdate",
      "kind" : "remoteSourceControl",
      "location" : "https://github.com/mikagosz/ErrorUpdate.git",
      "state" : {
        "revision" : "b02c07ad9e7a32794de65915614247e8111a0af8",
        "version" : "1.0.7"
      }
    }
  ],
  "version" : 3
}
